
Microsoft Visual Studio Solution File, Format Version 12.00
# Visual Studio 15
VisualStudioVersion = 15.0.27130.2010
MinimumVisualStudioVersion = 10.0.40219.1
Project("{FAE04EC0-301F-11D3-BF4B-00C04F79EFBC}") = "Power Fitness", "Power Fitness\Power Fitness.csproj", "{5330229F-B6B1-4AD6-83A5-9D2A9DFF7FB1}"
EndProject
Project("{FAE04EC0-301F-11D3-BF4B-00C04F79EFBC}") = "res", "res\res.csproj", "{334066D7-BCB6-4E81-B696-F5B1A4331543}"
EndProject
Global
	GlobalSection(SolutionConfigurationPlatforms) = preSolution
		Debug|Any CPU = Debug|Any CPU
		Release|Any CPU = Release|Any CPU
	EndGlobalSection
	GlobalSection(ProjectConfigurationPlatforms) = postSolution
		{5330229F-B6B1-4AD6-83A5-9D2A9DFF7FB1}.Debug|Any CPU.ActiveCfg = Debug|Any CPU
		{5330229F-B6B1-4AD6-83A5-9D2A9DFF7FB1}.Debug|Any CPU.Build.0 = Debug|Any CPU
		{5330229F-B6B1-4AD6-83A5-9D2A9DFF7FB1}.Release|Any CPU.ActiveCfg = Release|Any CPU
		{5330229F-B6B1-4AD6-83A5-9D2A9DFF7FB1}.Release|Any CPU.Build.0 = Release|Any CPU
		{334066D7-BCB6-4E81-B696-F5B1A4331543}.Debug|Any CPU.ActiveCfg = Debug|Any CPU
		{334066D7-BCB6-4E81-B696-F5B1A4331543}.Debug|Any CPU.Build.0 = Debug|Any CPU
		{334066D7-BCB6-4E81-B696-F5B1A4331543}.Release|Any CPU.ActiveCfg = Release|Any CPU
		{334066D7-BCB6-4E81-B696-F5B1A4331543}.Release|Any CPU.Build.0 = Release|Any CPU
	EndGlobalSection
	GlobalSection(SolutionProperties) = preSolution
		HideSolutionNode = FALSE
	EndGlobalSection
	GlobalSection(ExtensibilityGlobals) = postSolution
		SolutionGuid = {464C85AF-A496-42F2-A31A-F4C72EA5FCF4}
	EndGlobalSection
EndGlobal
